
Microsoft Visual Studio Solution File, Format Version 12.00
# Visual Studio Version 16
VisualStudioVersion = 25.0.1706.7
MinimumVisualStudioVersion = 10.0.40219.1
Project("{2150E333-8FDC-42A3-9474-1A3956D46DE8}") = "iOS", "iOS", "{0C75E4EB-230C-43E0-9BDD-4558E9E04B3B}"
EndProject
Project("{FAE04EC0-301F-11D3-BF4B-00C04F79EFBC}") = "CobrowseIO.iOS", "iOS\CobrowseIO.iOS\CobrowseIO.iOS.csproj", "{46169644-7BF9-406D-ACA0-3E4CFE841BFE}"
EndProject
Project("{FAE04EC0-301F-11D3-BF4B-00C04F79EFBC}") = "CobrowseIO.AppExtension.iOS", "iOS\CobrowseIO.AppExtension.iOS\CobrowseIO.AppExtension.iOS.csproj", "{B51B85EA-9528-45F9-8307-C32A6E251340}"
EndProject
Project("{2150E333-8FDC-42A3-9474-1A3956D46DE8}") = "SDK", "SDK", "{602759EE-5189-43B5-83FF-51ABAE4516A7}"
EndProject
Project("{2150E333-8FDC-42A3-9474-1A3956D46DE8}") = "Android", "Android", "{24961DD2-4C7E-4883-8DE8-E0B2CEAE0FE6}"
EndProject
Project("{FAE04EC0-301F-11D3-BF4B-00C04F79EFBC}") = "CborJava.Android", "Android\CborJava.Android\CborJava.Android.csproj", "{7016CBFC-3F39-4808-AD1B-7A1FB1B2D859}"
EndProject
Project("{FAE04EC0-301F-11D3-BF4B-00C04F79EFBC}") = "NumbersJava.Android", "Android\NumbersJava.Android\NumbersJava.Android.csproj", "{94BFBB73-9E03-4E1A-9A99-C668BBC4CB0B}"
EndProject
Project("{FAE04EC0-301F-11D3-BF4B-00C04F79EFBC}") = "CobrowseIO.Android", "Android\CobrowseIO.Android\CobrowseIO.Android.csproj", "{B66AC1F4-37FF-4FD4-BBEC-5EFDEE041EC4}"
EndProject
Project("{FAE04EC0-301F-11D3-BF4B-00C04F79EFBC}") = "CobrowseIO", "SDK\CobrowseIO\CobrowseIO.csproj", "{960AC50F-A2E3-4CE4-BCB1-829D957103D2}"
EndProject
Project("{2150E333-8FDC-42A3-9474-1A3956D46DE8}") = "Sample", "Sample", "{45E166B3-5E5D-45C2-A2EE-416FB4D14AE8}"
EndProject
Project("{FAE04EC0-301F-11D3-BF4B-00C04F79EFBC}") = "MauiSample", "Sample\MauiSample\MauiSample.csproj", "{CA4F73FD-9EBB-47B5-9ADE-492D4022D73A}"
EndProject
Project("{FAE04EC0-301F-11D3-BF4B-00C04F79EFBC}") = "MauiSample.iOS.BroadcastUploadExtension", "Sample\MauiSample.iOS.BroadcastUploadExtension\MauiSample.iOS.BroadcastUploadExtension.csproj", "{CC69912F-6B51-4BBD-9DEE-D59F4BFE5467}"
EndProject
Global
	GlobalSection(SolutionConfigurationPlatforms) = preSolution
		Debug|Any CPU = Debug|Any CPU
		Release|Any CPU = Release|Any CPU
	EndGlobalSection
	GlobalSection(ProjectConfigurationPlatforms) = postSolution
		{46169644-7BF9-406D-ACA0-3E4CFE841BFE}.Debug|Any CPU.ActiveCfg = Debug|Any CPU
		{46169644-7BF9-406D-ACA0-3E4CFE841BFE}.Debug|Any CPU.Build.0 = Debug|Any CPU
		{46169644-7BF9-406D-ACA0-3E4CFE841BFE}.Release|Any CPU.ActiveCfg = Release|Any CPU
		{46169644-7BF9-406D-ACA0-3E4CFE841BFE}.Release|Any CPU.Build.0 = Release|Any CPU
		{B51B85EA-9528-45F9-8307-C32A6E251340}.Debug|Any CPU.ActiveCfg = Debug|Any CPU
		{B51B85EA-9528-45F9-8307-C32A6E251340}.Debug|Any CPU.Build.0 = Debug|Any CPU
		{B51B85EA-9528-45F9-8307-C32A6E251340}.Release|Any CPU.ActiveCfg = Release|Any CPU
		{B51B85EA-9528-45F9-8307-C32A6E251340}.Release|Any CPU.Build.0 = Release|Any CPU
		{7016CBFC-3F39-4808-AD1B-7A1FB1B2D859}.Debug|Any CPU.ActiveCfg = Debug|Any CPU
		{7016CBFC-3F39-4808-AD1B-7A1FB1B2D859}.Debug|Any CPU.Build.0 = Debug|Any CPU
		{7016CBFC-3F39-4808-AD1B-7A1FB1B2D859}.Release|Any CPU.ActiveCfg = Release|Any CPU
		{7016CBFC-3F39-4808-AD1B-7A1FB1B2D859}.Release|Any CPU.Build.0 = Release|Any CPU
		{94BFBB73-9E03-4E1A-9A99-C668BBC4CB0B}.Debug|Any CPU.ActiveCfg = Debug|Any CPU
		{94BFBB73-9E03-4E1A-9A99-C668BBC4CB0B}.Debug|Any CPU.Build.0 = Debug|Any CPU
		{94BFBB73-9E03-4E1A-9A99-C668BBC4CB0B}.Release|Any CPU.ActiveCfg = Release|Any CPU
		{94BFBB73-9E03-4E1A-9A99-C668BBC4CB0B}.Release|Any CPU.Build.0 = Release|Any CPU
		{B66AC1F4-37FF-4FD4-BBEC-5EFDEE041EC4}.Debug|Any CPU.ActiveCfg = Debug|Any CPU
		{B66AC1F4-37FF-4FD4-BBEC-5EFDEE041EC4}.Debug|Any CPU.Build.0 = Debug|Any CPU
		{B66AC1F4-37FF-4FD4-BBEC-5EFDEE041EC4}.Release|Any CPU.ActiveCfg = Release|Any CPU
		{B66AC1F4-37FF-4FD4-BBEC-5EFDEE041EC4}.Release|Any CPU.Build.0 = Release|Any CPU
		{960AC50F-A2E3-4CE4-BCB1-829D957103D2}.Debug|Any CPU.ActiveCfg = Debug|Any CPU
		{960AC50F-A2E3-4CE4-BCB1-829D957103D2}.Debug|Any CPU.Build.0 = Debug|Any CPU
		{960AC50F-A2E3-4CE4-BCB1-829D957103D2}.Release|Any CPU.ActiveCfg = Release|Any CPU
		{960AC50F-A2E3-4CE4-BCB1-829D957103D2}.Release|Any CPU.Build.0 = Release|Any CPU
		{CA4F73FD-9EBB-47B5-9ADE-492D4022D73A}.Debug|Any CPU.ActiveCfg = Debug|Any CPU
		{CA4F73FD-9EBB-47B5-9ADE-492D4022D73A}.Debug|Any CPU.Build.0 = Debug|Any CPU
		{CA4F73FD-9EBB-47B5-9ADE-492D4022D73A}.Release|Any CPU.ActiveCfg = Release|Any CPU
		{CA4F73FD-9EBB-47B5-9ADE-492D4022D73A}.Release|Any CPU.Build.0 = Release|Any CPU
		{CC69912F-6B51-4BBD-9DEE-D59F4BFE5467}.Debug|Any CPU.ActiveCfg = Debug|Any CPU
		{CC69912F-6B51-4BBD-9DEE-D59F4BFE5467}.Debug|Any CPU.Build.0 = Debug|Any CPU
		{CC69912F-6B51-4BBD-9DEE-D59F4BFE5467}.Release|Any CPU.ActiveCfg = Release|Any CPU
		{CC69912F-6B51-4BBD-9DEE-D59F4BFE5467}.Release|Any CPU.Build.0 = Release|Any CPU
	EndGlobalSection
	GlobalSection(SolutionProperties) = preSolution
		HideSolutionNode = FALSE
	EndGlobalSection
	GlobalSection(ExtensibilityGlobals) = postSolution
		SolutionGuid = {C2189AB0-6E15-44DE-B870-D98F34EE7B1D}
	EndGlobalSection
	GlobalSection(NestedProjects) = preSolution
		{46169644-7BF9-406D-ACA0-3E4CFE841BFE} = {0C75E4EB-230C-43E0-9BDD-4558E9E04B3B}
		{B51B85EA-9528-45F9-8307-C32A6E251340} = {0C75E4EB-230C-43E0-9BDD-4558E9E04B3B}
		{7016CBFC-3F39-4808-AD1B-7A1FB1B2D859} = {24961DD2-4C7E-4883-8DE8-E0B2CEAE0FE6}
		{94BFBB73-9E03-4E1A-9A99-C668BBC4CB0B} = {24961DD2-4C7E-4883-8DE8-E0B2CEAE0FE6}
		{B66AC1F4-37FF-4FD4-BBEC-5EFDEE041EC4} = {24961DD2-4C7E-4883-8DE8-E0B2CEAE0FE6}
		{960AC50F-A2E3-4CE4-BCB1-829D957103D2} = {602759EE-5189-43B5-83FF-51ABAE4516A7}
		{CA4F73FD-9EBB-47B5-9ADE-492D4022D73A} = {45E166B3-5E5D-45C2-A2EE-416FB4D14AE8}
		{CC69912F-6B51-4BBD-9DEE-D59F4BFE5467} = {45E166B3-5E5D-45C2-A2EE-416FB4D14AE8}
	EndGlobalSection
EndGlobal
