
Microsoft Visual Studio Solution File, Format Version 12.00
# Visual Studio 15
Project("{2150E333-8FDC-42A3-9474-1A3956D46DE8}") = "Android", "Android", "{49356296-576E-4DCF-8304-8581237E44F7}"
EndProject
Project("{FAE04EC0-301F-11D3-BF4B-00C04F79EFBC}") = "NumbersJava.Android", "Android\NumbersJava.Android\NumbersJava.Android.csproj", "{CA05EE40-B53A-4284-99E3-4257304D025A}"
EndProject
Project("{FAE04EC0-301F-11D3-BF4B-00C04F79EFBC}") = "CborJava.Android", "Android\CborJava.Android\CborJava.Android.csproj", "{442C6F83-FEC1-4CED-A374-3953721D7C13}"
EndProject
Project("{FAE04EC0-301F-11D3-BF4B-00C04F79EFBC}") = "CobrowseIO.Android", "Android\CobrowseIO.Android\CobrowseIO.Android.csproj", "{C6ED4775-5505-4166-B973-D0C88830D32B}"
EndProject
Project("{2150E333-8FDC-42A3-9474-1A3956D46DE8}") = "Sample", "Sample", "{1CB72FBA-590B-47C5-A046-237ED1E4D458}"
EndProject
Project("{FAE04EC0-301F-11D3-BF4B-00C04F79EFBC}") = "SampleApp.Android", "Sample\SampleApp.Android\SampleApp.Android.csproj", "{8CD53026-D5CE-44EE-8755-982C1C700A0D}"
EndProject
Project("{2150E333-8FDC-42A3-9474-1A3956D46DE8}") = "iOS", "iOS", "{62E01987-E2D9-42B7-A5F0-254574224E10}"
EndProject
Project("{FAE04EC0-301F-11D3-BF4B-00C04F79EFBC}") = "SwiftCBOR.iOS", "iOS\SwiftCBOR.iOS\SwiftCBOR.iOS.csproj", "{89690D1D-E492-4302-A262-1125807A9CF7}"
EndProject
Project("{FAE04EC0-301F-11D3-BF4B-00C04F79EFBC}") = "Starscream.iOS", "iOS\Starscream.iOS\Starscream.iOS.csproj", "{E19A722D-20E3-4255-8600-F10EFEFBAC16}"
EndProject
Project("{FAE04EC0-301F-11D3-BF4B-00C04F79EFBC}") = "CobrowseIO.iOS", "iOS\CobrowseIO.iOS\CobrowseIO.iOS.csproj", "{42D519FB-6597-4CFE-A2B5-9F57BADBE925}"
EndProject
Project("{FAE04EC0-301F-11D3-BF4B-00C04F79EFBC}") = "SampleApp.iOS", "Sample\SampleApp.iOS\SampleApp.iOS.csproj", "{4FA18C13-8764-4090-8A98-7FF0418A53C2}"
EndProject
Project("{FAE04EC0-301F-11D3-BF4B-00C04F79EFBC}") = "CobrowseIO.AppExtension.iOS", "iOS\CobrowseIO.AppExtension.iOS\CobrowseIO.AppExtension.iOS.csproj", "{23B1F427-BAA7-47DA-8060-251B09238D78}"
EndProject
Project("{FAE04EC0-301F-11D3-BF4B-00C04F79EFBC}") = "SampleApp.iOS.BroadcastUploadExtension", "Sample\SampleApp.iOS.BroadcastUploadExtension\SampleApp.iOS.BroadcastUploadExtension.csproj", "{146D2039-84E1-428F-8020-23BA03B56795}"
EndProject
Project("{2150E333-8FDC-42A3-9474-1A3956D46DE8}") = "SampleForms", "SampleForms", "{E4BCFA53-CDC5-4704-A0BC-6A190440FC87}"
EndProject
Project("{FAE04EC0-301F-11D3-BF4B-00C04F79EFBC}") = "SampleApp.Forms.Android", "SampleForms\SampleApp.Forms.Android\SampleApp.Forms.Android.csproj", "{9D8B0224-C67B-4D4D-944C-7155177D910B}"
EndProject
Project("{FAE04EC0-301F-11D3-BF4B-00C04F79EFBC}") = "SampleApp.Forms.iOS", "SampleForms\SampleApp.Forms.iOS\SampleApp.Forms.iOS.csproj", "{F60B55ED-B23A-4C7B-A87D-77AE9034BBC5}"
EndProject
Project("{FAE04EC0-301F-11D3-BF4B-00C04F79EFBC}") = "SampleApp.Forms", "SampleForms\SampleApp.Forms\SampleApp.Forms.csproj", "{28C2AABA-55D8-47E3-9404-1C9C13BFC8E9}"
EndProject
Project("{FAE04EC0-301F-11D3-BF4B-00C04F79EFBC}") = "SampleFormsApp.iOS.BroadcastUploadExtension", "SampleForms\SampleFormsApp.iOS.BroadcastUploadExtension\SampleFormsApp.iOS.BroadcastUploadExtension.csproj", "{E8DDF4F8-73CB-42F7-977F-A258F9EDAD62}"
EndProject
Project("{2150E333-8FDC-42A3-9474-1A3956D46DE8}") = "XamarinSDK", "XamarinSDK", "{1F142F6C-2AC8-4D08-97E0-C8F1B63288DA}"
EndProject
Project("{FAE04EC0-301F-11D3-BF4B-00C04F79EFBC}") = "CobrowseIO.Xamarin.Abstractions", "XamarinSDK\CobrowseIO.Xamarin.Abstractions\CobrowseIO.Xamarin.Abstractions.csproj", "{76383F58-D82D-4464-BF77-2F815C8F5E10}"
EndProject
Project("{FAE04EC0-301F-11D3-BF4B-00C04F79EFBC}") = "CobrowseIO.Xamarin", "XamarinSDK\CobrowseIO.Xamarin\CobrowseIO.Xamarin.csproj", "{37B32331-9B0D-4398-9C4B-4B6EBBDD79FE}"
EndProject
Project("{FAE04EC0-301F-11D3-BF4B-00C04F79EFBC}") = "CobrowseIO.Xamarin.Android", "XamarinSDK\CobrowseIO.Xamarin.Android\CobrowseIO.Xamarin.Android.csproj", "{F0A627E6-45D3-446B-A99E-DFE32BBBABAE}"
EndProject
Project("{FAE04EC0-301F-11D3-BF4B-00C04F79EFBC}") = "CobrowseIO.Xamarin.iOS", "XamarinSDK\CobrowseIO.Xamarin.iOS\CobrowseIO.Xamarin.iOS.csproj", "{43F32F0B-5068-4AB2-A07E-9108D2646284}"
EndProject
Global
	GlobalSection(SolutionConfigurationPlatforms) = preSolution
		Debug|Any CPU = Debug|Any CPU
		Release|Any CPU = Release|Any CPU
		Debug|iPhoneSimulator = Debug|iPhoneSimulator
		Release|iPhoneSimulator = Release|iPhoneSimulator
		Debug|iPhone = Debug|iPhone
		Release|iPhone = Release|iPhone
	EndGlobalSection
	GlobalSection(ProjectConfigurationPlatforms) = postSolution
		{CA05EE40-B53A-4284-99E3-4257304D025A}.Debug|Any CPU.ActiveCfg = Debug|Any CPU
		{CA05EE40-B53A-4284-99E3-4257304D025A}.Debug|Any CPU.Build.0 = Debug|Any CPU
		{CA05EE40-B53A-4284-99E3-4257304D025A}.Release|Any CPU.ActiveCfg = Release|Any CPU
		{CA05EE40-B53A-4284-99E3-4257304D025A}.Release|Any CPU.Build.0 = Release|Any CPU
		{CA05EE40-B53A-4284-99E3-4257304D025A}.Debug|iPhoneSimulator.ActiveCfg = Debug|Any CPU
		{CA05EE40-B53A-4284-99E3-4257304D025A}.Debug|iPhoneSimulator.Build.0 = Debug|Any CPU
		{CA05EE40-B53A-4284-99E3-4257304D025A}.Release|iPhoneSimulator.ActiveCfg = Release|Any CPU
		{CA05EE40-B53A-4284-99E3-4257304D025A}.Release|iPhoneSimulator.Build.0 = Release|Any CPU
		{CA05EE40-B53A-4284-99E3-4257304D025A}.Debug|iPhone.ActiveCfg = Debug|Any CPU
		{CA05EE40-B53A-4284-99E3-4257304D025A}.Debug|iPhone.Build.0 = Debug|Any CPU
		{CA05EE40-B53A-4284-99E3-4257304D025A}.Release|iPhone.ActiveCfg = Release|Any CPU
		{CA05EE40-B53A-4284-99E3-4257304D025A}.Release|iPhone.Build.0 = Release|Any CPU
		{442C6F83-FEC1-4CED-A374-3953721D7C13}.Debug|Any CPU.ActiveCfg = Debug|Any CPU
		{442C6F83-FEC1-4CED-A374-3953721D7C13}.Debug|Any CPU.Build.0 = Debug|Any CPU
		{442C6F83-FEC1-4CED-A374-3953721D7C13}.Release|Any CPU.ActiveCfg = Release|Any CPU
		{442C6F83-FEC1-4CED-A374-3953721D7C13}.Release|Any CPU.Build.0 = Release|Any CPU
		{442C6F83-FEC1-4CED-A374-3953721D7C13}.Debug|iPhoneSimulator.ActiveCfg = Debug|Any CPU
		{442C6F83-FEC1-4CED-A374-3953721D7C13}.Debug|iPhoneSimulator.Build.0 = Debug|Any CPU
		{442C6F83-FEC1-4CED-A374-3953721D7C13}.Release|iPhoneSimulator.ActiveCfg = Release|Any CPU
		{442C6F83-FEC1-4CED-A374-3953721D7C13}.Release|iPhoneSimulator.Build.0 = Release|Any CPU
		{442C6F83-FEC1-4CED-A374-3953721D7C13}.Debug|iPhone.ActiveCfg = Debug|Any CPU
		{442C6F83-FEC1-4CED-A374-3953721D7C13}.Debug|iPhone.Build.0 = Debug|Any CPU
		{442C6F83-FEC1-4CED-A374-3953721D7C13}.Release|iPhone.ActiveCfg = Release|Any CPU
		{442C6F83-FEC1-4CED-A374-3953721D7C13}.Release|iPhone.Build.0 = Release|Any CPU
		{C6ED4775-5505-4166-B973-D0C88830D32B}.Debug|Any CPU.ActiveCfg = Debug|Any CPU
		{C6ED4775-5505-4166-B973-D0C88830D32B}.Debug|Any CPU.Build.0 = Debug|Any CPU
		{C6ED4775-5505-4166-B973-D0C88830D32B}.Release|Any CPU.ActiveCfg = Release|Any CPU
		{C6ED4775-5505-4166-B973-D0C88830D32B}.Release|Any CPU.Build.0 = Release|Any CPU
		{C6ED4775-5505-4166-B973-D0C88830D32B}.Debug|iPhoneSimulator.ActiveCfg = Debug|Any CPU
		{C6ED4775-5505-4166-B973-D0C88830D32B}.Debug|iPhoneSimulator.Build.0 = Debug|Any CPU
		{C6ED4775-5505-4166-B973-D0C88830D32B}.Release|iPhoneSimulator.ActiveCfg = Release|Any CPU
		{C6ED4775-5505-4166-B973-D0C88830D32B}.Release|iPhoneSimulator.Build.0 = Release|Any CPU
		{C6ED4775-5505-4166-B973-D0C88830D32B}.Debug|iPhone.ActiveCfg = Debug|Any CPU
		{C6ED4775-5505-4166-B973-D0C88830D32B}.Debug|iPhone.Build.0 = Debug|Any CPU
		{C6ED4775-5505-4166-B973-D0C88830D32B}.Release|iPhone.ActiveCfg = Release|Any CPU
		{C6ED4775-5505-4166-B973-D0C88830D32B}.Release|iPhone.Build.0 = Release|Any CPU
		{8CD53026-D5CE-44EE-8755-982C1C700A0D}.Debug|Any CPU.ActiveCfg = Debug|Any CPU
		{8CD53026-D5CE-44EE-8755-982C1C700A0D}.Debug|Any CPU.Build.0 = Debug|Any CPU
		{8CD53026-D5CE-44EE-8755-982C1C700A0D}.Release|Any CPU.ActiveCfg = Release|Any CPU
		{8CD53026-D5CE-44EE-8755-982C1C700A0D}.Release|Any CPU.Build.0 = Release|Any CPU
		{8CD53026-D5CE-44EE-8755-982C1C700A0D}.Debug|iPhoneSimulator.ActiveCfg = Debug|Any CPU
		{8CD53026-D5CE-44EE-8755-982C1C700A0D}.Debug|iPhoneSimulator.Build.0 = Debug|Any CPU
		{8CD53026-D5CE-44EE-8755-982C1C700A0D}.Release|iPhoneSimulator.ActiveCfg = Release|Any CPU
		{8CD53026-D5CE-44EE-8755-982C1C700A0D}.Release|iPhoneSimulator.Build.0 = Release|Any CPU
		{8CD53026-D5CE-44EE-8755-982C1C700A0D}.Debug|iPhone.ActiveCfg = Debug|Any CPU
		{8CD53026-D5CE-44EE-8755-982C1C700A0D}.Debug|iPhone.Build.0 = Debug|Any CPU
		{8CD53026-D5CE-44EE-8755-982C1C700A0D}.Release|iPhone.ActiveCfg = Release|Any CPU
		{8CD53026-D5CE-44EE-8755-982C1C700A0D}.Release|iPhone.Build.0 = Release|Any CPU
		{89690D1D-E492-4302-A262-1125807A9CF7}.Debug|Any CPU.ActiveCfg = Debug|Any CPU
		{89690D1D-E492-4302-A262-1125807A9CF7}.Debug|Any CPU.Build.0 = Debug|Any CPU
		{89690D1D-E492-4302-A262-1125807A9CF7}.Release|Any CPU.ActiveCfg = Release|Any CPU
		{89690D1D-E492-4302-A262-1125807A9CF7}.Release|Any CPU.Build.0 = Release|Any CPU
		{89690D1D-E492-4302-A262-1125807A9CF7}.Debug|iPhoneSimulator.ActiveCfg = Debug|Any CPU
		{89690D1D-E492-4302-A262-1125807A9CF7}.Debug|iPhoneSimulator.Build.0 = Debug|Any CPU
		{89690D1D-E492-4302-A262-1125807A9CF7}.Release|iPhoneSimulator.ActiveCfg = Release|Any CPU
		{89690D1D-E492-4302-A262-1125807A9CF7}.Release|iPhoneSimulator.Build.0 = Release|Any CPU
		{89690D1D-E492-4302-A262-1125807A9CF7}.Debug|iPhone.ActiveCfg = Debug|Any CPU
		{89690D1D-E492-4302-A262-1125807A9CF7}.Debug|iPhone.Build.0 = Debug|Any CPU
		{89690D1D-E492-4302-A262-1125807A9CF7}.Release|iPhone.ActiveCfg = Release|Any CPU
		{89690D1D-E492-4302-A262-1125807A9CF7}.Release|iPhone.Build.0 = Release|Any CPU
		{E19A722D-20E3-4255-8600-F10EFEFBAC16}.Debug|Any CPU.ActiveCfg = Debug|Any CPU
		{E19A722D-20E3-4255-8600-F10EFEFBAC16}.Debug|Any CPU.Build.0 = Debug|Any CPU
		{E19A722D-20E3-4255-8600-F10EFEFBAC16}.Release|Any CPU.ActiveCfg = Release|Any CPU
		{E19A722D-20E3-4255-8600-F10EFEFBAC16}.Release|Any CPU.Build.0 = Release|Any CPU
		{E19A722D-20E3-4255-8600-F10EFEFBAC16}.Debug|iPhoneSimulator.ActiveCfg = Debug|Any CPU
		{E19A722D-20E3-4255-8600-F10EFEFBAC16}.Debug|iPhoneSimulator.Build.0 = Debug|Any CPU
		{E19A722D-20E3-4255-8600-F10EFEFBAC16}.Release|iPhoneSimulator.ActiveCfg = Release|Any CPU
		{E19A722D-20E3-4255-8600-F10EFEFBAC16}.Release|iPhoneSimulator.Build.0 = Release|Any CPU
		{E19A722D-20E3-4255-8600-F10EFEFBAC16}.Debug|iPhone.ActiveCfg = Debug|Any CPU
		{E19A722D-20E3-4255-8600-F10EFEFBAC16}.Debug|iPhone.Build.0 = Debug|Any CPU
		{E19A722D-20E3-4255-8600-F10EFEFBAC16}.Release|iPhone.ActiveCfg = Release|Any CPU
		{E19A722D-20E3-4255-8600-F10EFEFBAC16}.Release|iPhone.Build.0 = Release|Any CPU
		{42D519FB-6597-4CFE-A2B5-9F57BADBE925}.Debug|Any CPU.ActiveCfg = Debug|Any CPU
		{42D519FB-6597-4CFE-A2B5-9F57BADBE925}.Debug|Any CPU.Build.0 = Debug|Any CPU
		{42D519FB-6597-4CFE-A2B5-9F57BADBE925}.Release|Any CPU.ActiveCfg = Release|Any CPU
		{42D519FB-6597-4CFE-A2B5-9F57BADBE925}.Release|Any CPU.Build.0 = Release|Any CPU
		{42D519FB-6597-4CFE-A2B5-9F57BADBE925}.Debug|iPhoneSimulator.ActiveCfg = Debug|Any CPU
		{42D519FB-6597-4CFE-A2B5-9F57BADBE925}.Debug|iPhoneSimulator.Build.0 = Debug|Any CPU
		{42D519FB-6597-4CFE-A2B5-9F57BADBE925}.Release|iPhoneSimulator.ActiveCfg = Release|Any CPU
		{42D519FB-6597-4CFE-A2B5-9F57BADBE925}.Release|iPhoneSimulator.Build.0 = Release|Any CPU
		{42D519FB-6597-4CFE-A2B5-9F57BADBE925}.Debug|iPhone.ActiveCfg = Debug|Any CPU
		{42D519FB-6597-4CFE-A2B5-9F57BADBE925}.Debug|iPhone.Build.0 = Debug|Any CPU
		{42D519FB-6597-4CFE-A2B5-9F57BADBE925}.Release|iPhone.ActiveCfg = Release|Any CPU
		{42D519FB-6597-4CFE-A2B5-9F57BADBE925}.Release|iPhone.Build.0 = Release|Any CPU
		{4FA18C13-8764-4090-8A98-7FF0418A53C2}.Debug|Any CPU.ActiveCfg = Debug|iPhoneSimulator
		{4FA18C13-8764-4090-8A98-7FF0418A53C2}.Debug|Any CPU.Build.0 = Debug|iPhoneSimulator
		{4FA18C13-8764-4090-8A98-7FF0418A53C2}.Release|Any CPU.ActiveCfg = Release|iPhoneSimulator
		{4FA18C13-8764-4090-8A98-7FF0418A53C2}.Release|Any CPU.Build.0 = Release|iPhoneSimulator
		{4FA18C13-8764-4090-8A98-7FF0418A53C2}.Debug|iPhoneSimulator.ActiveCfg = Debug|iPhoneSimulator
		{4FA18C13-8764-4090-8A98-7FF0418A53C2}.Debug|iPhoneSimulator.Build.0 = Debug|iPhoneSimulator
		{4FA18C13-8764-4090-8A98-7FF0418A53C2}.Release|iPhoneSimulator.ActiveCfg = Release|iPhoneSimulator
		{4FA18C13-8764-4090-8A98-7FF0418A53C2}.Release|iPhoneSimulator.Build.0 = Release|iPhoneSimulator
		{4FA18C13-8764-4090-8A98-7FF0418A53C2}.Debug|iPhone.ActiveCfg = Debug|iPhone
		{4FA18C13-8764-4090-8A98-7FF0418A53C2}.Debug|iPhone.Build.0 = Debug|iPhone
		{4FA18C13-8764-4090-8A98-7FF0418A53C2}.Release|iPhone.ActiveCfg = Release|iPhone
		{4FA18C13-8764-4090-8A98-7FF0418A53C2}.Release|iPhone.Build.0 = Release|iPhone
		{23B1F427-BAA7-47DA-8060-251B09238D78}.Debug|Any CPU.ActiveCfg = Debug|Any CPU
		{23B1F427-BAA7-47DA-8060-251B09238D78}.Debug|Any CPU.Build.0 = Debug|Any CPU
		{23B1F427-BAA7-47DA-8060-251B09238D78}.Release|Any CPU.ActiveCfg = Release|Any CPU
		{23B1F427-BAA7-47DA-8060-251B09238D78}.Release|Any CPU.Build.0 = Release|Any CPU
		{23B1F427-BAA7-47DA-8060-251B09238D78}.Debug|iPhoneSimulator.ActiveCfg = Debug|Any CPU
		{23B1F427-BAA7-47DA-8060-251B09238D78}.Debug|iPhoneSimulator.Build.0 = Debug|Any CPU
		{23B1F427-BAA7-47DA-8060-251B09238D78}.Release|iPhoneSimulator.ActiveCfg = Release|Any CPU
		{23B1F427-BAA7-47DA-8060-251B09238D78}.Release|iPhoneSimulator.Build.0 = Release|Any CPU
		{23B1F427-BAA7-47DA-8060-251B09238D78}.Debug|iPhone.ActiveCfg = Debug|Any CPU
		{23B1F427-BAA7-47DA-8060-251B09238D78}.Debug|iPhone.Build.0 = Debug|Any CPU
		{23B1F427-BAA7-47DA-8060-251B09238D78}.Release|iPhone.ActiveCfg = Release|Any CPU
		{23B1F427-BAA7-47DA-8060-251B09238D78}.Release|iPhone.Build.0 = Release|Any CPU
		{146D2039-84E1-428F-8020-23BA03B56795}.Debug|Any CPU.ActiveCfg = Debug|iPhoneSimulator
		{146D2039-84E1-428F-8020-23BA03B56795}.Debug|Any CPU.Build.0 = Debug|iPhoneSimulator
		{146D2039-84E1-428F-8020-23BA03B56795}.Release|Any CPU.ActiveCfg = Release|iPhoneSimulator
		{146D2039-84E1-428F-8020-23BA03B56795}.Release|Any CPU.Build.0 = Release|iPhoneSimulator
		{146D2039-84E1-428F-8020-23BA03B56795}.Debug|iPhoneSimulator.ActiveCfg = Debug|iPhoneSimulator
		{146D2039-84E1-428F-8020-23BA03B56795}.Debug|iPhoneSimulator.Build.0 = Debug|iPhoneSimulator
		{146D2039-84E1-428F-8020-23BA03B56795}.Release|iPhoneSimulator.ActiveCfg = Release|iPhoneSimulator
		{146D2039-84E1-428F-8020-23BA03B56795}.Release|iPhoneSimulator.Build.0 = Release|iPhoneSimulator
		{146D2039-84E1-428F-8020-23BA03B56795}.Debug|iPhone.ActiveCfg = Debug|iPhone
		{146D2039-84E1-428F-8020-23BA03B56795}.Debug|iPhone.Build.0 = Debug|iPhone
		{146D2039-84E1-428F-8020-23BA03B56795}.Release|iPhone.ActiveCfg = Release|iPhone
		{146D2039-84E1-428F-8020-23BA03B56795}.Release|iPhone.Build.0 = Release|iPhone
		{9D8B0224-C67B-4D4D-944C-7155177D910B}.Debug|Any CPU.ActiveCfg = Debug|Any CPU
		{9D8B0224-C67B-4D4D-944C-7155177D910B}.Debug|Any CPU.Build.0 = Debug|Any CPU
		{9D8B0224-C67B-4D4D-944C-7155177D910B}.Release|Any CPU.ActiveCfg = Release|Any CPU
		{9D8B0224-C67B-4D4D-944C-7155177D910B}.Release|Any CPU.Build.0 = Release|Any CPU
		{9D8B0224-C67B-4D4D-944C-7155177D910B}.Debug|iPhoneSimulator.ActiveCfg = Debug|Any CPU
		{9D8B0224-C67B-4D4D-944C-7155177D910B}.Debug|iPhoneSimulator.Build.0 = Debug|Any CPU
		{9D8B0224-C67B-4D4D-944C-7155177D910B}.Release|iPhoneSimulator.ActiveCfg = Release|Any CPU
		{9D8B0224-C67B-4D4D-944C-7155177D910B}.Release|iPhoneSimulator.Build.0 = Release|Any CPU
		{9D8B0224-C67B-4D4D-944C-7155177D910B}.Debug|iPhone.ActiveCfg = Debug|Any CPU
		{9D8B0224-C67B-4D4D-944C-7155177D910B}.Debug|iPhone.Build.0 = Debug|Any CPU
		{9D8B0224-C67B-4D4D-944C-7155177D910B}.Release|iPhone.ActiveCfg = Release|Any CPU
		{9D8B0224-C67B-4D4D-944C-7155177D910B}.Release|iPhone.Build.0 = Release|Any CPU
		{F60B55ED-B23A-4C7B-A87D-77AE9034BBC5}.Debug|Any CPU.ActiveCfg = Debug|iPhoneSimulator
		{F60B55ED-B23A-4C7B-A87D-77AE9034BBC5}.Debug|Any CPU.Build.0 = Debug|iPhoneSimulator
		{F60B55ED-B23A-4C7B-A87D-77AE9034BBC5}.Release|Any CPU.ActiveCfg = Release|iPhoneSimulator
		{F60B55ED-B23A-4C7B-A87D-77AE9034BBC5}.Release|Any CPU.Build.0 = Release|iPhoneSimulator
		{F60B55ED-B23A-4C7B-A87D-77AE9034BBC5}.Debug|iPhoneSimulator.ActiveCfg = Debug|iPhoneSimulator
		{F60B55ED-B23A-4C7B-A87D-77AE9034BBC5}.Debug|iPhoneSimulator.Build.0 = Debug|iPhoneSimulator
		{F60B55ED-B23A-4C7B-A87D-77AE9034BBC5}.Release|iPhoneSimulator.ActiveCfg = Release|iPhoneSimulator
		{F60B55ED-B23A-4C7B-A87D-77AE9034BBC5}.Release|iPhoneSimulator.Build.0 = Release|iPhoneSimulator
		{F60B55ED-B23A-4C7B-A87D-77AE9034BBC5}.Debug|iPhone.ActiveCfg = Debug|iPhone
		{F60B55ED-B23A-4C7B-A87D-77AE9034BBC5}.Debug|iPhone.Build.0 = Debug|iPhone
		{F60B55ED-B23A-4C7B-A87D-77AE9034BBC5}.Release|iPhone.ActiveCfg = Release|iPhone
		{F60B55ED-B23A-4C7B-A87D-77AE9034BBC5}.Release|iPhone.Build.0 = Release|iPhone
		{28C2AABA-55D8-47E3-9404-1C9C13BFC8E9}.Debug|Any CPU.ActiveCfg = Debug|Any CPU
		{28C2AABA-55D8-47E3-9404-1C9C13BFC8E9}.Debug|Any CPU.Build.0 = Debug|Any CPU
		{28C2AABA-55D8-47E3-9404-1C9C13BFC8E9}.Release|Any CPU.ActiveCfg = Release|Any CPU
		{28C2AABA-55D8-47E3-9404-1C9C13BFC8E9}.Release|Any CPU.Build.0 = Release|Any CPU
		{28C2AABA-55D8-47E3-9404-1C9C13BFC8E9}.Debug|iPhoneSimulator.ActiveCfg = Debug|Any CPU
		{28C2AABA-55D8-47E3-9404-1C9C13BFC8E9}.Debug|iPhoneSimulator.Build.0 = Debug|Any CPU
		{28C2AABA-55D8-47E3-9404-1C9C13BFC8E9}.Release|iPhoneSimulator.ActiveCfg = Release|Any CPU
		{28C2AABA-55D8-47E3-9404-1C9C13BFC8E9}.Release|iPhoneSimulator.Build.0 = Release|Any CPU
		{28C2AABA-55D8-47E3-9404-1C9C13BFC8E9}.Debug|iPhone.ActiveCfg = Debug|Any CPU
		{28C2AABA-55D8-47E3-9404-1C9C13BFC8E9}.Debug|iPhone.Build.0 = Debug|Any CPU
		{28C2AABA-55D8-47E3-9404-1C9C13BFC8E9}.Release|iPhone.ActiveCfg = Release|Any CPU
		{28C2AABA-55D8-47E3-9404-1C9C13BFC8E9}.Release|iPhone.Build.0 = Release|Any CPU
		{E8DDF4F8-73CB-42F7-977F-A258F9EDAD62}.Debug|Any CPU.ActiveCfg = Debug|iPhoneSimulator
		{E8DDF4F8-73CB-42F7-977F-A258F9EDAD62}.Debug|Any CPU.Build.0 = Debug|iPhoneSimulator
		{E8DDF4F8-73CB-42F7-977F-A258F9EDAD62}.Release|Any CPU.ActiveCfg = Release|iPhoneSimulator
		{E8DDF4F8-73CB-42F7-977F-A258F9EDAD62}.Release|Any CPU.Build.0 = Release|iPhoneSimulator
		{E8DDF4F8-73CB-42F7-977F-A258F9EDAD62}.Debug|iPhoneSimulator.ActiveCfg = Debug|iPhoneSimulator
		{E8DDF4F8-73CB-42F7-977F-A258F9EDAD62}.Debug|iPhoneSimulator.Build.0 = Debug|iPhoneSimulator
		{E8DDF4F8-73CB-42F7-977F-A258F9EDAD62}.Release|iPhoneSimulator.ActiveCfg = Release|iPhoneSimulator
		{E8DDF4F8-73CB-42F7-977F-A258F9EDAD62}.Release|iPhoneSimulator.Build.0 = Release|iPhoneSimulator
		{E8DDF4F8-73CB-42F7-977F-A258F9EDAD62}.Debug|iPhone.ActiveCfg = Debug|iPhone
		{E8DDF4F8-73CB-42F7-977F-A258F9EDAD62}.Debug|iPhone.Build.0 = Debug|iPhone
		{E8DDF4F8-73CB-42F7-977F-A258F9EDAD62}.Release|iPhone.ActiveCfg = Release|iPhone
		{E8DDF4F8-73CB-42F7-977F-A258F9EDAD62}.Release|iPhone.Build.0 = Release|iPhone
		{76383F58-D82D-4464-BF77-2F815C8F5E10}.Debug|Any CPU.ActiveCfg = Debug|Any CPU
		{76383F58-D82D-4464-BF77-2F815C8F5E10}.Debug|Any CPU.Build.0 = Debug|Any CPU
		{76383F58-D82D-4464-BF77-2F815C8F5E10}.Release|Any CPU.ActiveCfg = Release|Any CPU
		{76383F58-D82D-4464-BF77-2F815C8F5E10}.Release|Any CPU.Build.0 = Release|Any CPU
		{76383F58-D82D-4464-BF77-2F815C8F5E10}.Debug|iPhoneSimulator.ActiveCfg = Debug|Any CPU
		{76383F58-D82D-4464-BF77-2F815C8F5E10}.Debug|iPhoneSimulator.Build.0 = Debug|Any CPU
		{76383F58-D82D-4464-BF77-2F815C8F5E10}.Release|iPhoneSimulator.ActiveCfg = Release|Any CPU
		{76383F58-D82D-4464-BF77-2F815C8F5E10}.Release|iPhoneSimulator.Build.0 = Release|Any CPU
		{76383F58-D82D-4464-BF77-2F815C8F5E10}.Debug|iPhone.ActiveCfg = Debug|Any CPU
		{76383F58-D82D-4464-BF77-2F815C8F5E10}.Debug|iPhone.Build.0 = Debug|Any CPU
		{76383F58-D82D-4464-BF77-2F815C8F5E10}.Release|iPhone.ActiveCfg = Release|Any CPU
		{76383F58-D82D-4464-BF77-2F815C8F5E10}.Release|iPhone.Build.0 = Release|Any CPU
		{37B32331-9B0D-4398-9C4B-4B6EBBDD79FE}.Debug|Any CPU.ActiveCfg = Debug|Any CPU
		{37B32331-9B0D-4398-9C4B-4B6EBBDD79FE}.Debug|Any CPU.Build.0 = Debug|Any CPU
		{37B32331-9B0D-4398-9C4B-4B6EBBDD79FE}.Release|Any CPU.ActiveCfg = Release|Any CPU
		{37B32331-9B0D-4398-9C4B-4B6EBBDD79FE}.Release|Any CPU.Build.0 = Release|Any CPU
		{37B32331-9B0D-4398-9C4B-4B6EBBDD79FE}.Debug|iPhoneSimulator.ActiveCfg = Debug|Any CPU
		{37B32331-9B0D-4398-9C4B-4B6EBBDD79FE}.Debug|iPhoneSimulator.Build.0 = Debug|Any CPU
		{37B32331-9B0D-4398-9C4B-4B6EBBDD79FE}.Release|iPhoneSimulator.ActiveCfg = Release|Any CPU
		{37B32331-9B0D-4398-9C4B-4B6EBBDD79FE}.Release|iPhoneSimulator.Build.0 = Release|Any CPU
		{37B32331-9B0D-4398-9C4B-4B6EBBDD79FE}.Debug|iPhone.ActiveCfg = Debug|Any CPU
		{37B32331-9B0D-4398-9C4B-4B6EBBDD79FE}.Debug|iPhone.Build.0 = Debug|Any CPU
		{37B32331-9B0D-4398-9C4B-4B6EBBDD79FE}.Release|iPhone.ActiveCfg = Release|Any CPU
		{37B32331-9B0D-4398-9C4B-4B6EBBDD79FE}.Release|iPhone.Build.0 = Release|Any CPU
		{F0A627E6-45D3-446B-A99E-DFE32BBBABAE}.Debug|Any CPU.ActiveCfg = Debug|Any CPU
		{F0A627E6-45D3-446B-A99E-DFE32BBBABAE}.Debug|Any CPU.Build.0 = Debug|Any CPU
		{F0A627E6-45D3-446B-A99E-DFE32BBBABAE}.Release|Any CPU.ActiveCfg = Release|Any CPU
		{F0A627E6-45D3-446B-A99E-DFE32BBBABAE}.Release|Any CPU.Build.0 = Release|Any CPU
		{F0A627E6-45D3-446B-A99E-DFE32BBBABAE}.Debug|iPhoneSimulator.ActiveCfg = Debug|Any CPU
		{F0A627E6-45D3-446B-A99E-DFE32BBBABAE}.Debug|iPhoneSimulator.Build.0 = Debug|Any CPU
		{F0A627E6-45D3-446B-A99E-DFE32BBBABAE}.Release|iPhoneSimulator.ActiveCfg = Release|Any CPU
		{F0A627E6-45D3-446B-A99E-DFE32BBBABAE}.Release|iPhoneSimulator.Build.0 = Release|Any CPU
		{F0A627E6-45D3-446B-A99E-DFE32BBBABAE}.Debug|iPhone.ActiveCfg = Debug|Any CPU
		{F0A627E6-45D3-446B-A99E-DFE32BBBABAE}.Debug|iPhone.Build.0 = Debug|Any CPU
		{F0A627E6-45D3-446B-A99E-DFE32BBBABAE}.Release|iPhone.ActiveCfg = Release|Any CPU
		{F0A627E6-45D3-446B-A99E-DFE32BBBABAE}.Release|iPhone.Build.0 = Release|Any CPU
		{43F32F0B-5068-4AB2-A07E-9108D2646284}.Debug|Any CPU.ActiveCfg = Debug|Any CPU
		{43F32F0B-5068-4AB2-A07E-9108D2646284}.Debug|Any CPU.Build.0 = Debug|Any CPU
		{43F32F0B-5068-4AB2-A07E-9108D2646284}.Release|Any CPU.ActiveCfg = Release|Any CPU
		{43F32F0B-5068-4AB2-A07E-9108D2646284}.Release|Any CPU.Build.0 = Release|Any CPU
		{43F32F0B-5068-4AB2-A07E-9108D2646284}.Debug|iPhoneSimulator.ActiveCfg = Debug|Any CPU
		{43F32F0B-5068-4AB2-A07E-9108D2646284}.Debug|iPhoneSimulator.Build.0 = Debug|Any CPU
		{43F32F0B-5068-4AB2-A07E-9108D2646284}.Release|iPhoneSimulator.ActiveCfg = Release|Any CPU
		{43F32F0B-5068-4AB2-A07E-9108D2646284}.Release|iPhoneSimulator.Build.0 = Release|Any CPU
		{43F32F0B-5068-4AB2-A07E-9108D2646284}.Debug|iPhone.ActiveCfg = Debug|Any CPU
		{43F32F0B-5068-4AB2-A07E-9108D2646284}.Debug|iPhone.Build.0 = Debug|Any CPU
		{43F32F0B-5068-4AB2-A07E-9108D2646284}.Release|iPhone.ActiveCfg = Release|Any CPU
		{43F32F0B-5068-4AB2-A07E-9108D2646284}.Release|iPhone.Build.0 = Release|Any CPU
	EndGlobalSection
	GlobalSection(NestedProjects) = preSolution
		{CA05EE40-B53A-4284-99E3-4257304D025A} = {49356296-576E-4DCF-8304-8581237E44F7}
		{442C6F83-FEC1-4CED-A374-3953721D7C13} = {49356296-576E-4DCF-8304-8581237E44F7}
		{C6ED4775-5505-4166-B973-D0C88830D32B} = {49356296-576E-4DCF-8304-8581237E44F7}
		{8CD53026-D5CE-44EE-8755-982C1C700A0D} = {1CB72FBA-590B-47C5-A046-237ED1E4D458}
		{89690D1D-E492-4302-A262-1125807A9CF7} = {62E01987-E2D9-42B7-A5F0-254574224E10}
		{E19A722D-20E3-4255-8600-F10EFEFBAC16} = {62E01987-E2D9-42B7-A5F0-254574224E10}
		{42D519FB-6597-4CFE-A2B5-9F57BADBE925} = {62E01987-E2D9-42B7-A5F0-254574224E10}
		{4FA18C13-8764-4090-8A98-7FF0418A53C2} = {1CB72FBA-590B-47C5-A046-237ED1E4D458}
		{23B1F427-BAA7-47DA-8060-251B09238D78} = {62E01987-E2D9-42B7-A5F0-254574224E10}
		{146D2039-84E1-428F-8020-23BA03B56795} = {1CB72FBA-590B-47C5-A046-237ED1E4D458}
		{9D8B0224-C67B-4D4D-944C-7155177D910B} = {E4BCFA53-CDC5-4704-A0BC-6A190440FC87}
		{F60B55ED-B23A-4C7B-A87D-77AE9034BBC5} = {E4BCFA53-CDC5-4704-A0BC-6A190440FC87}
		{28C2AABA-55D8-47E3-9404-1C9C13BFC8E9} = {E4BCFA53-CDC5-4704-A0BC-6A190440FC87}
		{E8DDF4F8-73CB-42F7-977F-A258F9EDAD62} = {E4BCFA53-CDC5-4704-A0BC-6A190440FC87}
		{76383F58-D82D-4464-BF77-2F815C8F5E10} = {1F142F6C-2AC8-4D08-97E0-C8F1B63288DA}
		{37B32331-9B0D-4398-9C4B-4B6EBBDD79FE} = {1F142F6C-2AC8-4D08-97E0-C8F1B63288DA}
		{F0A627E6-45D3-446B-A99E-DFE32BBBABAE} = {1F142F6C-2AC8-4D08-97E0-C8F1B63288DA}
		{43F32F0B-5068-4AB2-A07E-9108D2646284} = {1F142F6C-2AC8-4D08-97E0-C8F1B63288DA}
	EndGlobalSection
EndGlobal
